
Microsoft Visual Studio Solution File, Format Version 12.00
# Visual Studio Version 16
VisualStudioVersion = 16.0.36227.6
MinimumVisualStudioVersion = 10.0.40219.1
Project("{FAE04EC0-301F-11D3-BF4B-00C04F79EFBC}") = "TissueDet", "TissueDet\TissueDet.csproj", "{4294BBC7-5ACA-4988-B679-18DACFD53C27}"
EndProject
Global
	GlobalSection(SolutionConfigurationPlatforms) = preSolution
		Debug|Any CPU = Debug|Any CPU
		Release|Any CPU = Release|Any CPU
	EndGlobalSection
	GlobalSection(ProjectConfigurationPlatforms) = postSolution
		{4294BBC7-5ACA-4988-B679-18DACFD53C27}.Debug|Any CPU.ActiveCfg = Debug|Any CPU
		{4294BBC7-5ACA-4988-B679-18DACFD53C27}.Debug|Any CPU.Build.0 = Debug|Any CPU
		{4294BBC7-5ACA-4988-B679-18DACFD53C27}.Release|Any CPU.ActiveCfg = Release|Any CPU
		{4294BBC7-5ACA-4988-B679-18DACFD53C27}.Release|Any CPU.Build.0 = Release|Any CPU
	EndGlobalSection
	GlobalSection(SolutionProperties) = preSolution
		HideSolutionNode = FALSE
	EndGlobalSection
	GlobalSection(ExtensibilityGlobals) = postSolution
		SolutionGuid = {220E6D4C-0376-4889-89AC-F06C6EF8339A}
	EndGlobalSection
EndGlobal
